
Microsoft Visual Studio Solution File, Format Version 12.00
# Visual Studio Version 16
VisualStudioVersion = 16.0.30804.86
MinimumVisualStudioVersion = 10.0.40219.1
Project("{9A19103F-16F7-4668-BE54-9A1E7A4F7556}") = "AdminLTEWithASPNETCore", "AdminLTEWithASPNETCore\AdminLTEWithASPNETCore.csproj", "{06AAFF54-6964-46D7-8138-60A69D67E835}"
EndProject
Project("{2150E333-8FDC-42A3-9474-1A3956D46DE8}") = "DataRepositories", "DataRepositories", "{E17EA1F6-9ABE-4707-B46C-DC92AC972413}"
EndProject
Project("{9A19103F-16F7-4668-BE54-9A1E7A4F7556}") = "PSC.Repositories", "PSC.Repositories\PSC.Repositories.csproj", "{2C1E21D9-2642-4D44-B304-B860C562B102}"
EndProject
Project("{9A19103F-16F7-4668-BE54-9A1E7A4F7556}") = "PSC.Services", "PSC.Services\PSC.Services.csproj", "{A272D417-744D-40B2-B275-661A89752124}"
EndProject
Project("{2150E333-8FDC-42A3-9474-1A3956D46DE8}") = "Tasks", "Tasks", "{28C08EC6-E526-4AEF-BB7A-683AF2F94701}"
EndProject
Project("{2150E333-8FDC-42A3-9474-1A3956D46DE8}") = "Domain", "Domain", "{2E127C5F-AA00-4E77-8D7B-311594323616}"
EndProject
Project("{9A19103F-16F7-4668-BE54-9A1E7A4F7556}") = "PSC.Domain", "PSC.Domain\PSC.Domain.csproj", "{33BFEDF0-D9FC-4B1E-969F-6A63508D22A1}"
EndProject
Project("{2150E333-8FDC-42A3-9474-1A3956D46DE8}") = "Tests", "Tests", "{A1AF896C-33DA-450E-8DEF-C7A133843979}"
EndProject
Project("{9A19103F-16F7-4668-BE54-9A1E7A4F7556}") = "PSC.Tests", "PSC.Tests\PSC.Tests.csproj", "{77F7A30E-B55B-4887-A33A-9812F12B5658}"
EndProject
Project("{9A19103F-16F7-4668-BE54-9A1E7A4F7556}") = "PSC.UITests", "PSC.UITests\PSC.UITests.csproj", "{2EED4032-CC99-41CF-929B-DF3D8AE4CF41}"
EndProject
Project("{9A19103F-16F7-4668-BE54-9A1E7A4F7556}") = "PSC.Domain.Interfaces", "PSC.Domain.Interfaces\PSC.Domain.Interfaces.csproj", "{AEB03D6C-A120-4367-AE06-4C1B916C08EC}"
EndProject
Project("{2150E333-8FDC-42A3-9474-1A3956D46DE8}") = "Infrastructures", "Infrastructures", "{1781FE79-261C-4022-B1D4-2A85B3B25052}"
EndProject
Project("{9A19103F-16F7-4668-BE54-9A1E7A4F7556}") = "PSC.Infrastructures", "PSC.Infrastructures\PSC.Infrastructures.csproj", "{55110CB0-E727-4ADF-99FF-BF8AF16E5D69}"
EndProject
Project("{9A19103F-16F7-4668-BE54-9A1E7A4F7556}") = "PSC.Providers", "PSC.Providers\PSC.Providers.csproj", "{546A8BD4-4203-439F-B3EA-7C13C2498683}"
EndProject
Project("{FAE04EC0-301F-11D3-BF4B-00C04F79EFBC}") = "PSC.Extensions", "PSC.Extensions\PSC.Extensions.csproj", "{0FAE590D-BD54-4D26-8C8C-FDC07F042D00}"
EndProject
Global
	GlobalSection(SolutionConfigurationPlatforms) = preSolution
		Debug|Any CPU = Debug|Any CPU
		Release|Any CPU = Release|Any CPU
	EndGlobalSection
	GlobalSection(ProjectConfigurationPlatforms) = postSolution
		{06AAFF54-6964-46D7-8138-60A69D67E835}.Debug|Any CPU.ActiveCfg = Debug|Any CPU
		{06AAFF54-6964-46D7-8138-60A69D67E835}.Debug|Any CPU.Build.0 = Debug|Any CPU
		{06AAFF54-6964-46D7-8138-60A69D67E835}.Release|Any CPU.ActiveCfg = Release|Any CPU
		{06AAFF54-6964-46D7-8138-60A69D67E835}.Release|Any CPU.Build.0 = Release|Any CPU
		{2C1E21D9-2642-4D44-B304-B860C562B102}.Debug|Any CPU.ActiveCfg = Debug|Any CPU
		{2C1E21D9-2642-4D44-B304-B860C562B102}.Debug|Any CPU.Build.0 = Debug|Any CPU
		{2C1E21D9-2642-4D44-B304-B860C562B102}.Release|Any CPU.ActiveCfg = Release|Any CPU
		{2C1E21D9-2642-4D44-B304-B860C562B102}.Release|Any CPU.Build.0 = Release|Any CPU
		{A272D417-744D-40B2-B275-661A89752124}.Debug|Any CPU.ActiveCfg = Debug|Any CPU
		{A272D417-744D-40B2-B275-661A89752124}.Debug|Any CPU.Build.0 = Debug|Any CPU
		{A272D417-744D-40B2-B275-661A89752124}.Release|Any CPU.ActiveCfg = Release|Any CPU
		{A272D417-744D-40B2-B275-661A89752124}.Release|Any CPU.Build.0 = Release|Any CPU
		{33BFEDF0-D9FC-4B1E-969F-6A63508D22A1}.Debug|Any CPU.ActiveCfg = Debug|Any CPU
		{33BFEDF0-D9FC-4B1E-969F-6A63508D22A1}.Debug|Any CPU.Build.0 = Debug|Any CPU
		{33BFEDF0-D9FC-4B1E-969F-6A63508D22A1}.Release|Any CPU.ActiveCfg = Release|Any CPU
		{33BFEDF0-D9FC-4B1E-969F-6A63508D22A1}.Release|Any CPU.Build.0 = Release|Any CPU
		{77F7A30E-B55B-4887-A33A-9812F12B5658}.Debug|Any CPU.ActiveCfg = Debug|Any CPU
		{77F7A30E-B55B-4887-A33A-9812F12B5658}.Debug|Any CPU.Build.0 = Debug|Any CPU
		{77F7A30E-B55B-4887-A33A-9812F12B5658}.Release|Any CPU.ActiveCfg = Release|Any CPU
		{77F7A30E-B55B-4887-A33A-9812F12B5658}.Release|Any CPU.Build.0 = Release|Any CPU
		{2EED4032-CC99-41CF-929B-DF3D8AE4CF41}.Debug|Any CPU.ActiveCfg = Debug|Any CPU
		{2EED4032-CC99-41CF-929B-DF3D8AE4CF41}.Debug|Any CPU.Build.0 = Debug|Any CPU
		{2EED4032-CC99-41CF-929B-DF3D8AE4CF41}.Release|Any CPU.ActiveCfg = Release|Any CPU
		{2EED4032-CC99-41CF-929B-DF3D8AE4CF41}.Release|Any CPU.Build.0 = Release|Any CPU
		{AEB03D6C-A120-4367-AE06-4C1B916C08EC}.Debug|Any CPU.ActiveCfg = Debug|Any CPU
		{AEB03D6C-A120-4367-AE06-4C1B916C08EC}.Debug|Any CPU.Build.0 = Debug|Any CPU
		{AEB03D6C-A120-4367-AE06-4C1B916C08EC}.Release|Any CPU.ActiveCfg = Release|Any CPU
		{AEB03D6C-A120-4367-AE06-4C1B916C08EC}.Release|Any CPU.Build.0 = Release|Any CPU
		{55110CB0-E727-4ADF-99FF-BF8AF16E5D69}.Debug|Any CPU.ActiveCfg = Debug|Any CPU
		{55110CB0-E727-4ADF-99FF-BF8AF16E5D69}.Debug|Any CPU.Build.0 = Debug|Any CPU
		{55110CB0-E727-4ADF-99FF-BF8AF16E5D69}.Release|Any CPU.ActiveCfg = Release|Any CPU
		{55110CB0-E727-4ADF-99FF-BF8AF16E5D69}.Release|Any CPU.Build.0 = Release|Any CPU
		{546A8BD4-4203-439F-B3EA-7C13C2498683}.Debug|Any CPU.ActiveCfg = Debug|Any CPU
		{546A8BD4-4203-439F-B3EA-7C13C2498683}.Debug|Any CPU.Build.0 = Debug|Any CPU
		{546A8BD4-4203-439F-B3EA-7C13C2498683}.Release|Any CPU.ActiveCfg = Release|Any CPU
		{546A8BD4-4203-439F-B3EA-7C13C2498683}.Release|Any CPU.Build.0 = Release|Any CPU
		{0FAE590D-BD54-4D26-8C8C-FDC07F042D00}.Debug|Any CPU.ActiveCfg = Debug|Any CPU
		{0FAE590D-BD54-4D26-8C8C-FDC07F042D00}.Debug|Any CPU.Build.0 = Debug|Any CPU
		{0FAE590D-BD54-4D26-8C8C-FDC07F042D00}.Release|Any CPU.ActiveCfg = Release|Any CPU
		{0FAE590D-BD54-4D26-8C8C-FDC07F042D00}.Release|Any CPU.Build.0 = Release|Any CPU
	EndGlobalSection
	GlobalSection(SolutionProperties) = preSolution
		HideSolutionNode = FALSE
	EndGlobalSection
	GlobalSection(NestedProjects) = preSolution
		{2C1E21D9-2642-4D44-B304-B860C562B102} = {E17EA1F6-9ABE-4707-B46C-DC92AC972413}
		{A272D417-744D-40B2-B275-661A89752124} = {28C08EC6-E526-4AEF-BB7A-683AF2F94701}
		{33BFEDF0-D9FC-4B1E-969F-6A63508D22A1} = {2E127C5F-AA00-4E77-8D7B-311594323616}
		{77F7A30E-B55B-4887-A33A-9812F12B5658} = {A1AF896C-33DA-450E-8DEF-C7A133843979}
		{2EED4032-CC99-41CF-929B-DF3D8AE4CF41} = {A1AF896C-33DA-450E-8DEF-C7A133843979}
		{AEB03D6C-A120-4367-AE06-4C1B916C08EC} = {2E127C5F-AA00-4E77-8D7B-311594323616}
		{55110CB0-E727-4ADF-99FF-BF8AF16E5D69} = {1781FE79-261C-4022-B1D4-2A85B3B25052}
		{546A8BD4-4203-439F-B3EA-7C13C2498683} = {28C08EC6-E526-4AEF-BB7A-683AF2F94701}
		{0FAE590D-BD54-4D26-8C8C-FDC07F042D00} = {28C08EC6-E526-4AEF-BB7A-683AF2F94701}
	EndGlobalSection
	GlobalSection(ExtensibilityGlobals) = postSolution
		SolutionGuid = {EFDCE405-86D2-4A64-B01E-0E6B3B108CD0}
	EndGlobalSection
EndGlobal
